
Microsoft Visual Studio Solution File, Format Version 12.00
# Visual Studio Version 17
VisualStudioVersion = 17.3.32804.467
MinimumVisualStudioVersion = 10.0.40219.1
Project("{FAE04EC0-301F-11D3-BF4B-00C04F79EFBC}") = "CSharp_Thema2_Collecties_1", "CSharp_Thema2_Collecties_1\CSharp_Thema2_Collecties_1.csproj", "{9914768B-E846-48BC-982E-A2646CB5F6AD}"
EndProject
Global
	GlobalSection(SolutionConfigurationPlatforms) = preSolution
		Debug|Any CPU = Debug|Any CPU
		Release|Any CPU = Release|Any CPU
	EndGlobalSection
	GlobalSection(ProjectConfigurationPlatforms) = postSolution
		{9914768B-E846-48BC-982E-A2646CB5F6AD}.Debug|Any CPU.ActiveCfg = Debug|Any CPU
		{9914768B-E846-48BC-982E-A2646CB5F6AD}.Debug|Any CPU.Build.0 = Debug|Any CPU
		{9914768B-E846-48BC-982E-A2646CB5F6AD}.Release|Any CPU.ActiveCfg = Release|Any CPU
		{9914768B-E846-48BC-982E-A2646CB5F6AD}.Release|Any CPU.Build.0 = Release|Any CPU
	EndGlobalSection
	GlobalSection(SolutionProperties) = preSolution
		HideSolutionNode = FALSE
	EndGlobalSection
	GlobalSection(ExtensibilityGlobals) = postSolution
		SolutionGuid = {6B8A103E-5377-41D8-9FA8-8408D1E0FC73}
	EndGlobalSection
EndGlobal
